// !$*UTF8*$!
{
	archiveVersion = 1;
	classes = {
	};
	objectVersion = 50;
	objects = {

/* Begin PBXBuildFile section */
		257F9D95231E787900835B69 /* AppDelegate.swift in Sources */ = {isa = PBXBuildFile; fileRef = 257F9D94231E787900835B69 /* AppDelegate.swift */; };
		257F9D97231E787900835B69 /* SceneDelegate.swift in Sources */ = {isa = PBXBuildFile; fileRef = 257F9D96231E787900835B69 /* SceneDelegate.swift */; };
		257F9D99231E787900835B69 /* ViewController.swift in Sources */ = {isa = PBXBuildFile; fileRef = 257F9D98231E787900835B69 /* ViewController.swift */; };
		257F9D9C231E787900835B69 /* Main.storyboard in Resources */ = {isa = PBXBuildFile; fileRef = 257F9D9A231E787900835B69 /* Main.storyboard */; };
		257F9D9E231E787A00835B69 /* Assets.xcassets in Resources */ = {isa = PBXBuildFile; fileRef = 257F9D9D231E787A00835B69 /* Assets.xcassets */; };
		257F9DA1231E787A00835B69 /* LaunchScreen.storyboard in Resources */ = {isa = PBXBuildFile; fileRef = 257F9D9F231E787A00835B69 /* LaunchScreen.storyboard */; };
		257F9DA9231FD8C800835B69 /* Settings.bundle in Resources */ = {isa = PBXBuildFile; fileRef = 257F9DA8231FD8C800835B69 /* Settings.bundle */; };
		257F9DAB231FDA7900835B69 /* SettingsManager.swift in Sources */ = {isa = PBXBuildFile; fileRef = 257F9DAA231FDA7900835B69 /* SettingsManager.swift */; };
/* End PBXBuildFile section */

/* Begin PBXFileReference section */
		257F9D91231E787900835B69 /* DarkModeTest.app */ = {isa = PBXFileReference; explicitFileType = wrapper.application; includeInIndex = 0; path = DarkModeTest.app; sourceTree = BUILT_PRODUCTS_DIR; };
		257F9D94231E787900835B69 /* AppDelegate.swift */ = {isa = PBXFileReference; lastKnownFileType = sourcecode.swift; path = AppDelegate.swift; sourceTree = "<group>"; };
		257F9D96231E787900835B69 /* SceneDelegate.swift */ = {isa = PBXFileReference; lastKnownFileType = sourcecode.swift; path = SceneDelegate.swift; sourceTree = "<group>"; };
		257F9D98231E787900835B69 /* ViewController.swift */ = {isa = PBXFileReference; lastKnownFileType = sourcecode.swift; path = ViewController.swift; sourceTree = "<group>"; };
		257F9D9B231E787900835B69 /* Base */ = {isa = PBXFileReference; lastKnownFileType = file.storyboard; name = Base; path = Base.lproj/Main.storyboard; sourceTree = "<group>"; };
		257F9D9D231E787A00835B69 /* Assets.xcassets */ = {isa = PBXFileReference; lastKnownFileType = folder.assetcatalog; path = Assets.xcassets; sourceTree = "<group>"; };
		257F9DA0231E787A00835B69 /* Base */ = {isa = PBXFileReference; lastKnownFileType = file.storyboard; name = Base; path = Base.lproj/LaunchScreen.storyboard; sourceTree = "<group>"; };
		257F9DA2231E787A00835B69 /* Info.plist */ = {isa = PBXFileReference; lastKnownFileType = text.plist.xml; path = Info.plist; sourceTree = "<group>"; };
		257F9DA8231FD8C800835B69 /* Settings.bundle */ = {isa = PBXFileReference; lastKnownFileType = "wrapper.plug-in"; name = Settings.bundle; path = DarkModeTest/Settings.bundle; sourceTree = "<group>"; };
		257F9DAA231FDA7900835B69 /* SettingsManager.swift */ = {isa = PBXFileReference; lastKnownFileType = sourcecode.swift; path = SettingsManager.swift; sourceTree = "<group>"; };
/* End PBXFileReference section */

/* Begin PBXFrameworksBuildPhase section */
		257F9D8E231E787900835B69 /* Frameworks */ = {
			isa = PBXFrameworksBuildPhase;
			buildActionMask = 2147483647;
			files = (
			);
			runOnlyForDeploymentPostprocessing = 0;
		};
/* End PBXFrameworksBuildPhase section */

/* Begin PBXGroup section */
		257F9D88231E787900835B69 = {
			isa = PBXGroup;
			children = (
				257F9DA8231FD8C800835B69 /* Settings.bundle */,
				257F9D93231E787900835B69 /* DarkModeTest */,
				257F9D92231E787900835B69 /* Products */,
			);
			sourceTree = "<group>";
		};
		257F9D92231E787900835B69 /* Products */ = {
			isa = PBXGroup;
			children = (
				257F9D91231E787900835B69 /* DarkModeTest.app */,
			);
			name = Products;
			sourceTree = "<group>";
		};
		257F9D93231E787900835B69 /* DarkModeTest */ = {
			isa = PBXGroup;
			children = (
				257F9D94231E787900835B69 /* AppDelegate.swift */,
				257F9D96231E787900835B69 /* SceneDelegate.swift */,
				257F9DAA231FDA7900835B69 /* SettingsManager.swift */,
				257F9D98231E787900835B69 /* ViewController.swift */,
				257F9D9A231E787900835B69 /* Main.storyboard */,
				257F9D9D231E787A00835B69 /* Assets.xcassets */,
				257F9D9F231E787A00835B69 /* LaunchScreen.storyboard */,
				257F9DA2231E787A00835B69 /* Info.plist */,
			);
			path = DarkModeTest;
			sourceTree = "<group>";
		};
/* End PBXGroup section */

/* Begin PBXNativeTarget section */
		257F9D90231E787900835B69 /* DarkModeTest */ = {
			isa = PBXNativeTarget;
			buildConfigurationList = 257F9DA5231E787A00835B69 /* Build configuration list for PBXNativeTarget "DarkModeTest" */;
			buildPhases = (
				257F9D8D231E787900835B69 /* Sources */,
				257F9D8E231E787900835B69 /* Frameworks */,
				257F9D8F231E787900835B69 /* Resources */,
			);
			buildRules = (
			);
			dependencies = (
			);
			name = DarkModeTest;
			productName = DarkModeTest;
			productReference = 257F9D91231E787900835B69 /* DarkModeTest.app */;
			productType = "com.apple.product-type.application";
		};
/* End PBXNativeTarget section */

/* Begin PBXProject section */
		257F9D89231E787900835B69 /* Project object */ = {
			isa = PBXProject;
			attributes = {
				LastSwiftUpdateCheck = 1100;
				LastUpgradeCheck = 1100;
				ORGANIZATIONNAME = "Gualtiero Frigerio";
				TargetAttributes = {
					257F9D90231E787900835B69 = {
						CreatedOnToolsVersion = 11.0;
					};
				};
			};
			buildConfigurationList = 257F9D8C231E787900835B69 /* Build configuration list for PBXProject "DarkModeTest" */;
			compatibilityVersion = "Xcode 9.3";
			developmentRegion = en;
			hasScannedForEncodings = 0;
			knownRegions = (
				en,
				Base,
			);
			mainGroup = 257F9D88231E787900835B69;
			productRefGroup = 257F9D92231E787900835B69 /* Products */;
			projectDirPath = "";
			projectRoot = "";
			targets = (
				257F9D90231E787900835B69 /* DarkModeTest */,
			);
		};
/* End PBXProject section */

/* Begin PBXResourcesBuildPhase section */
		257F9D8F231E787900835B69 /* Resources */ = {
			isa = PBXResourcesBuildPhase;
			buildActionMask = 2147483647;
			files = (
				257F9DA9231FD8C800835B69 /* Settings.bundle in Resources */,
				257F9DA1231E787A00835B69 /* LaunchScreen.storyboard in Resources */,
				257F9D9E231E787A00835B69 /* Assets.xcassets in Resources */,
				257F9D9C231E787900835B69 /* Main.storyboard in Resources */,
			);
			runOnlyForDeploymentPostprocessing = 0;
		};
/* End PBXResourcesBuildPhase section */

/* Begin PBXSourcesBuildPhase section */
		257F9D8D231E787900835B69 /* Sources */ = {
			isa = PBXSourcesBuildPhase;
			buildActionMask = 2147483647;
			files = (
				257F9DAB231FDA7900835B69 /* SettingsManager.swift in Sources */,
				257F9D99231E787900835B69 /* ViewController.swift in Sources */,
				257F9D95231E787900835B69 /* AppDelegate.swift in Sources */,
				257F9D97231E787900835B69 /* SceneDelegate.swift in Sources */,
			);
			runOnlyForDeploymentPostprocessing = 0;
		};
/* End PBXSourcesBuildPhase section */

/* Begin PBXVariantGroup section */
		257F9D9A231E787900835B69 /* Main.storyboard */ = {
			isa = PBXVariantGroup;
			children = (
				257F9D9B231E787900835B69 /* Base */,
			);
			name = Main.storyboard;
			sourceTree = "<group>";
		};
		257F9D9F231E787A00835B69 /* LaunchScreen.storyboard */ = {
			isa = PBXVariantGroup;
			children = (
				257F9DA0231E787A00835B69 /* Base */,
			);
			name = LaunchScreen.storyboard;
			sourceTree = "<group>";
		};
/* End PBXVariantGroup section */

/* Begin XCBuildConfiguration section */
		257F9DA3231E787A00835B69 /* Debug */ = {
			isa = XCBuildConfiguration;
			buildSettings = {
				ALWAYS_SEARCH_USER_PATHS = NO;
				CLANG_ANALYZER_NONNULL = YES;
				CLANG_ANALYZER_NUMBER_OBJECT_CONVERSION = YES_AGGRESSIVE;
				CLANG_CXX_LANGUAGE_STANDARD = "gnu++14";
				CLANG_CXX_LIBRARY = "libc++";
				CLANG_ENABLE_MODULES = YES;
				CLANG_ENABLE_OBJC_ARC = YES;
				CLANG_ENABLE_OBJC_WEAK = YES;
				CLANG_WARN_BLOCK_CAPTURE_AUTORELEASING = YES;
				CLANG_WARN_BOOL_CONVERSION = YES;
				CLANG_WARN_COMMA = YES;
				CLANG_WARN_CONSTANT_CONVERSION = YES;
				CLANG_WARN_DEPRECATED_OBJC_IMPLEMENTATIONS = YES;
				CLANG_WARN_DIRECT_OBJC_ISA_USAGE = YES_ERROR;
				CLANG_WARN_DOCUMENTATION_COMMENTS = YES;
				CLANG_WARN_EMPTY_BODY = YES;
				CLANG_WARN_ENUM_CONVERSION = YES;
				CLANG_WARN_INFINITE_RECURSION = YES;
				CLANG_WARN_INT_CONVERSION = YES;
				CLANG_WARN_NON_LITERAL_NULL_CONVERSION = YES;
				CLANG_WARN_OBJC_IMPLICIT_RETAIN_SELF = YES;
				CLANG_WARN_OBJC_LITERAL_CONVERSION = YES;
				CLANG_WARN_OBJC_ROOT_CLASS = YES_ERROR;
				CLANG_WARN_RANGE_LOOP_ANALYSIS = YES;
				CLANG_WARN_STRICT_PROTOTYPES = YES;
				CLANG_WARN_SUSPICIOUS_MOVE = YES;
				CLANG_WARN_UNGUARDED_AVAILABILITY = YES_AGGRESSIVE;
				CLANG_WARN_UNREACHABLE_CODE = YES;
				CLANG_WARN__DUPLICATE_METHOD_MATCH = YES;
				COPY_PHASE_STRIP = NO;
				DEBUG_INFORMATION_FORMAT = dwarf;
				ENABLE_STRICT_OBJC_MSGSEND = YES;
				ENABLE_TESTABILITY = YES;
				GCC_C_LANGUAGE_STANDARD = gnu11;
				GCC_DYNAMIC_NO_PIC = NO;
				GCC_NO_COMMON_BLOCKS = YES;
				GCC_OPTIMIZATION_LEVEL = 0;
				GCC_PREPROCESSOR_DEFINITIONS = (
					"DEBUG=1",
					"$(inherited)",
				);
				GCC_WARN_64_TO_32_BIT_CONVERSION = YES;
				GCC_WARN_ABOUT_RETURN_TYPE = YES_ERROR;
				GCC_WARN_UNDECLARED_SELECTOR = YES;
				GCC_WARN_UNINITIALIZED_AUTOS = YES_AGGRESSIVE;
				GCC_WARN_UNUSED_FUNCTION = YES;
				GCC_WARN_UNUSED_VARIABLE = YES;
				IPHONEOS_DEPLOYMENT_TARGET = 13.0;
				MTL_ENABLE_DEBUG_INFO = INCLUDE_SOURCE;
				MTL_FAST_MATH = YES;
				ONLY_ACTIVE_ARCH = YES;
				SDKROOT = iphoneos;
				SWIFT_ACTIVE_COMPILATION_CONDITIONS = DEBUG;
				SWIFT_OPTIMIZATION_LEVEL = "-Onone";
			};
			name = Debug;
		};
		257F9DA4231E787A00835B69 /* Release */ = {
			isa = XCBuildConfiguration;
			buildSettings = {
				ALWAYS_SEARCH_USER_PATHS = NO;
				CLANG_ANALYZER_NONNULL = YES;
				CLANG_ANALYZER_NUMBER_OBJECT_CONVERSION = YES_AGGRESSIVE;
				CLANG_CXX_LANGUAGE_STANDARD = "gnu++14";
				CLANG_CXX_LIBRARY = "libc++";
				CLANG_ENABLE_MODULES = YES;
				CLANG_ENABLE_OBJC_ARC = YES;
				CLANG_ENABLE_OBJC_WEAK = YES;
				CLANG_WARN_BLOCK_CAPTURE_AUTORELEASING = YES;
				CLANG_WARN_BOOL_CONVERSION = YES;
				CLANG_WARN_COMMA = YES;
				CLANG_WARN_CONSTANT_CONVERSION = YES;
				CLANG_WARN_DEPRECATED_OBJC_IMPLEMENTATIONS = YES;
				CLANG_WARN_DIRECT_OBJC_ISA_USAGE = YES_ERROR;
				CLANG_WARN_DOCUMENTATION_COMMENTS = YES;
				CLANG_WARN_EMPTY_BODY = YES;
				CLANG_WARN_ENUM_CONVERSION = YES;
				CLANG_WARN_INFINITE_RECURSION = YES;
				CLANG_WARN_INT_CONVERSION = YES;
				CLANG_WARN_NON_LITERAL_NULL_CONVERSION = YES;
				CLANG_WARN_OBJC_IMPLICIT_RETAIN_SELF = YES;
				CLANG_WARN_OBJC_LITERAL_CONVERSION = YES;
				CLANG_WARN_OBJC_ROOT_CLASS = YES_ERROR;
				CLANG_WARN_RANGE_LOOP_ANALYSIS = YES;
				CLANG_WARN_STRICT_PROTOTYPES = YES;
				CLANG_WARN_SUSPICIOUS_MOVE = YES;
				CLANG_WARN_UNGUARDED_AVAILABILITY = YES_AGGRESSIVE;
				CLANG_WARN_UNREACHABLE_CODE = YES;
				CLANG_WARN__DUPLICATE_METHOD_MATCH = YES;
				COPY_PHASE_STRIP = NO;
				DEBUG_INFORMATION_FORMAT = "dwarf-with-dsym";
				ENABLE_NS_ASSERTIONS = NO;
				ENABLE_STRICT_OBJC_MSGSEND = YES;
				GCC_C_LANGUAGE_STANDARD = gnu11;
				GCC_NO_COMMON_BLOCKS = YES;
				GCC_WARN_64_TO_32_BIT_CONVERSION = YES;
				GCC_WARN_ABOUT_RETURN_TYPE = YES_ERROR;
				GCC_WARN_UNDECLARED_SELECTOR = YES;
				GCC_WARN_UNINITIALIZED_AUTOS = YES_AGGRESSIVE;
				GCC_WARN_UNUSED_FUNCTION = YES;
				GCC_WARN_UNUSED_VARIABLE = YES;
				IPHONEOS_DEPLOYMENT_TARGET = 13.0;
				MTL_ENABLE_DEBUG_INFO = NO;
				MTL_FAST_MATH = YES;
				SDKROOT = iphoneos;
				SWIFT_COMPILATION_MODE = wholemodule;
				SWIFT_OPTIMIZATION_LEVEL = "-O";
				VALIDATE_PRODUCT = YES;
			};
			name = Release;
		};
		257F9DA6231E787A00835B69 /* Debug */ = {
			isa = XCBuildConfiguration;
			buildSettings = {
				ASSETCATALOG_COMPILER_APPICON_NAME = AppIcon;
				CODE_SIGN_STYLE = Automatic;
				INFOPLIST_FILE = DarkModeTest/Info.plist;
				LD_RUNPATH_SEARCH_PATHS = (
					"$(inherited)",
					"@executable_path/Frameworks",
				);
				PRODUCT_BUNDLE_IDENTIFIER = gfrigerio.DarkModeTest;
				PRODUCT_NAME = "$(TARGET_NAME)";
				SWIFT_VERSION = 5.0;
				TARGETED_DEVICE_FAMILY = "1,2";
			};
			name = Debug;
		};
		257F9DA7231E787A00835B69 /* Release */ = {
			isa = XCBuildConfiguration;
			buildSettings = {
				ASSETCATALOG_COMPILER_APPICON_NAME = AppIcon;
				CODE_SIGN_STYLE = Automatic;
				INFOPLIST_FILE = DarkModeTest/Info.plist;
				LD_RUNPATH_SEARCH_PATHS = (
					"$(inherited)",
					"@executable_path/Frameworks",
				);
				PRODUCT_BUNDLE_IDENTIFIER = gfrigerio.DarkModeTest;
				PRODUCT_NAME = "$(TARGET_NAME)";
				SWIFT_VERSION = 5.0;
				TARGETED_DEVICE_FAMILY = "1,2";
			};
			name = Release;
		};
/* End XCBuildConfiguration section */

/* Begin XCConfigurationList section */
		257F9D8C231E787900835B69 /* Build configuration list for PBXProject "DarkModeTest" */ = {
			isa = XCConfigurationList;
			buildConfigurations = (
				257F9DA3231E787A00835B69 /* Debug */,
				257F9DA4231E787A00835B69 /* Release */,
			);
			defaultConfigurationIsVisible = 0;
			defaultConfigurationName = Release;
		};
		257F9DA5231E787A00835B69 /* Build configuration list for PBXNativeTarget "DarkModeTest" */ = {
			isa = XCConfigurationList;
			buildConfigurations = (
				257F9DA6231E787A00835B69 /* Debug */,
				257F9DA7231E787A00835B69 /* Release */,
			);
			defaultConfigurationIsVisible = 0;
			defaultConfigurationName = Release;
		};
/* End XCConfigurationList section */
	};
	rootObject = 257F9D89231E787900835B69 /* Project object */;
}
